<?xml version="1.0" encoding="utf-8"?>
<Project ToolsVersion="4.0" xmlns="http://schemas.microsoft.com/developer/msbuild/2003">
  <ItemGroup>
    <Filter Include="mysqlcpp">
      <UniqueIdentifier>{f544db16-6bf5-4000-b200-286c9d9f2eaa}</UniqueIdentifier>
    </Filter>
    <Filter Include="mysqlcpp\test">
      <UniqueIdentifier>{b71da114-b47b-4d92-bfb9-718a35de8be8}</UniqueIdentifier>
    </Filter>
  </ItemGroup>
  <ItemGroup>
    <ClInclude Include="..\..\mysqlcpp_old\Connection.h">
      <Filter>mysqlcpp</Filter>
    </ClInclude>
    <ClInclude Include="..\..\mysqlcpp_old\ConnectionPool.h">
      <Filter>mysqlcpp</Filter>
    </ClInclude>
    <ClInclude Include="..\..\mysqlcpp_old\Convert.h">
      <Filter>mysqlcpp</Filter>
    </ClInclude>
    <ClInclude Include="..\..\mysqlcpp_old\DateTime.h">
      <Filter>mysqlcpp</Filter>
    </ClInclude>
    <ClInclude Include="..\..\mysqlcpp_old\FakeLog.h">
      <Filter>mysqlcpp</Filter>
    </ClInclude>
    <ClInclude Include="..\..\mysqlcpp_old\Field.h">
      <Filter>mysqlcpp</Filter>
    </ClInclude>
    <ClInclude Include="..\..\mysqlcpp_old\FieldMeta.h">
      <Filter>mysqlcpp</Filter>
    </ClInclude>
    <ClInclude Include="..\..\mysqlcpp_old\MySqlCpp.h">
      <Filter>mysqlcpp</Filter>
    </ClInclude>
    <ClInclude Include="..\..\mysqlcpp_old\MysqlcppAssert.h">
      <Filter>mysqlcpp</Filter>
    </ClInclude>
    <ClInclude Include="..\..\mysqlcpp_old\ParamBind.h">
      <Filter>mysqlcpp</Filter>
    </ClInclude>
    <ClInclude Include="..\..\mysqlcpp_old\PreparedStatement.h">
      <Filter>mysqlcpp</Filter>
    </ClInclude>
    <ClInclude Include="..\..\mysqlcpp_old\ResultBind.h">
      <Filter>mysqlcpp</Filter>
    </ClInclude>
    <ClInclude Include="..\..\mysqlcpp_old\ResultSet.h">
      <Filter>mysqlcpp</Filter>
    </ClInclude>
    <ClInclude Include="..\..\mysqlcpp_old\SafeString.h">
      <Filter>mysqlcpp</Filter>
    </ClInclude>
    <ClInclude Include="..\..\mysqlcpp_old\Statement.h">
      <Filter>mysqlcpp</Filter>
    </ClInclude>
    <ClInclude Include="..\..\mysqlcpp_old\Transaction.h">
      <Filter>mysqlcpp</Filter>
    </ClInclude>
    <ClInclude Include="..\..\mysqlcpp_old\Types.h">
      <Filter>mysqlcpp</Filter>
    </ClInclude>
    <ClInclude Include="..\..\mysqlcpp_old\Utils.h">
      <Filter>mysqlcpp</Filter>
    </ClInclude>
    <ClInclude Include="..\..\mysqlcpp_old\test\AsyncTask.h">
      <Filter>mysqlcpp\test</Filter>
    </ClInclude>
  </ItemGroup>
  <ItemGroup>
    <ClCompile Include="..\..\mysqlcpp_old\Connection.cpp">
      <Filter>mysqlcpp</Filter>
    </ClCompile>
    <ClCompile Include="..\..\mysqlcpp_old\ConnectionPool.cpp">
      <Filter>mysqlcpp</Filter>
    </ClCompile>
    <ClCompile Include="..\..\mysqlcpp_old\DateTime.cpp">
      <Filter>mysqlcpp</Filter>
    </ClCompile>
    <ClCompile Include="..\..\mysqlcpp_old\FakeLog.cpp">
      <Filter>mysqlcpp</Filter>
    </ClCompile>
    <ClCompile Include="..\..\mysqlcpp_old\Field.cpp">
      <Filter>mysqlcpp</Filter>
    </ClCompile>
    <ClCompile Include="..\..\mysqlcpp_old\FieldMeta.cpp">
      <Filter>mysqlcpp</Filter>
    </ClCompile>
    <ClCompile Include="..\..\mysqlcpp_old\ParamBind.cpp">
      <Filter>mysqlcpp</Filter>
    </ClCompile>
    <ClCompile Include="..\..\mysqlcpp_old\PreparedStatement.cpp">
      <Filter>mysqlcpp</Filter>
    </ClCompile>
    <ClCompile Include="..\..\mysqlcpp_old\ResultBind.cpp">
      <Filter>mysqlcpp</Filter>
    </ClCompile>
    <ClCompile Include="..\..\mysqlcpp_old\ResultSet.cpp">
      <Filter>mysqlcpp</Filter>
    </ClCompile>
    <ClCompile Include="..\..\mysqlcpp_old\Statement.cpp">
      <Filter>mysqlcpp</Filter>
    </ClCompile>
    <ClCompile Include="..\..\mysqlcpp_old\Transaction.cpp">
      <Filter>mysqlcpp</Filter>
    </ClCompile>
    <ClCompile Include="..\..\mysqlcpp_old\Utils.cpp">
      <Filter>mysqlcpp</Filter>
    </ClCompile>
    <ClCompile Include="..\..\mysqlcpp_old\test\TestAll.cpp">
      <Filter>mysqlcpp\test</Filter>
    </ClCompile>
    <ClCompile Include="..\..\mysqlcpp_old\test\TestBigTable.cpp">
      <Filter>mysqlcpp\test</Filter>
    </ClCompile>
    <ClCompile Include="..\..\mysqlcpp_old\test\TestConvert.cpp">
      <Filter>mysqlcpp\test</Filter>
    </ClCompile>
    <ClCompile Include="..\..\mysqlcpp_old\test\TestSafeString.cpp">
      <Filter>mysqlcpp\test</Filter>
    </ClCompile>
    <ClCompile Include="..\..\mysqlcpp_old\test\TestThreads.cpp">
      <Filter>mysqlcpp\test</Filter>
    </ClCompile>
    <ClCompile Include="..\..\mysqlcpp_old\test\TestXX.cpp">
      <Filter>mysqlcpp\test</Filter>
    </ClCompile>
    <ClCompile Include="..\..\mysqlcpp_old\test\TestXX2.cpp">
      <Filter>mysqlcpp\test</Filter>
    </ClCompile>
  </ItemGroup>
  <ItemGroup>
    <None Include="..\..\mysqlcpp_old\test\Makefile">
      <Filter>mysqlcpp\test</Filter>
    </None>
  </ItemGroup>
</Project>