<?xml version="1.0" encoding="utf-8"?>
<Project ToolsVersion="4.0" xmlns="http://schemas.microsoft.com/developer/msbuild/2003">
  <ItemGroup>
    <Filter Include="src">
      <UniqueIdentifier>{099a9aee-f731-4a73-81c0-5037dfe543ba}</UniqueIdentifier>
    </Filter>
  </ItemGroup>
  <ItemGroup>
    <ClCompile Include="..\..\zookeeper\ZooKeeper.cpp">
      <Filter>src</Filter>
    </ClCompile>
    <ClCompile Include="..\..\zookeeper\test.cpp">
      <Filter>src</Filter>
    </ClCompile>
    <ClCompile Include="..\..\zookeeper\client.cpp">
      <Filter>src</Filter>
    </ClCompile>
    <ClCompile Include="..\..\zookeeper\server.cpp">
      <Filter>src</Filter>
    </ClCompile>
    <ClCompile Include="..\..\zookeeper\client2.cpp">
      <Filter>src</Filter>
    </ClCompile>
  </ItemGroup>
  <ItemGroup>
    <ClInclude Include="..\..\zookeeper\ZooKeeper.h">
      <Filter>src</Filter>
    </ClInclude>
  </ItemGroup>
</Project>