<?xml version="1.0" encoding="utf-8"?>
<Project ToolsVersion="4.0" xmlns="http://schemas.microsoft.com/developer/msbuild/2003">
  <ItemGroup>
    <Filter Include="源文件">
      <UniqueIdentifier>{4FC737F1-C7A5-4376-A066-2A32D752A2FF}</UniqueIdentifier>
      <Extensions>cpp;c;cc;cxx;def;odl;idl;hpj;bat;asm;asmx</Extensions>
    </Filter>
    <Filter Include="头文件">
      <UniqueIdentifier>{93995380-89BD-4b04-88EB-625FBE52EBFB}</UniqueIdentifier>
      <Extensions>h;hh;hpp;hxx;hm;inl;inc;xsd</Extensions>
    </Filter>
    <Filter Include="资源文件">
      <UniqueIdentifier>{67DA6AB6-F800-4c08-8B7A-83BB121AAD01}</UniqueIdentifier>
      <Extensions>rc;ico;cur;bmp;dlg;rc2;rct;bin;rgs;gif;jpg;jpeg;jpe;resx;tiff;tif;png;wav;mfcribbon-ms</Extensions>
    </Filter>
    <Filter Include="mysqlcpp">
      <UniqueIdentifier>{dbdbff21-85a6-4a4a-ae24-7a7cd80d94e9}</UniqueIdentifier>
    </Filter>
    <Filter Include="mysqlcpp\test">
      <UniqueIdentifier>{60d6dc14-aa97-40d5-bbf4-9eed4d2e95e0}</UniqueIdentifier>
    </Filter>
  </ItemGroup>
  <ItemGroup>
    <ClInclude Include="..\..\mysqlcpp\Assert.h">
      <Filter>mysqlcpp</Filter>
    </ClInclude>
    <ClInclude Include="..\..\mysqlcpp\Connection.h">
      <Filter>mysqlcpp</Filter>
    </ClInclude>
    <ClInclude Include="..\..\mysqlcpp\ConnectionPool.h">
      <Filter>mysqlcpp</Filter>
    </ClInclude>
    <ClInclude Include="..\..\mysqlcpp\DateTime.h">
      <Filter>mysqlcpp</Filter>
    </ClInclude>
    <ClInclude Include="..\..\mysqlcpp\FakeLog.h">
      <Filter>mysqlcpp</Filter>
    </ClInclude>
    <ClInclude Include="..\..\mysqlcpp\Field.h">
      <Filter>mysqlcpp</Filter>
    </ClInclude>
    <ClInclude Include="..\..\mysqlcpp\MySqlCpp.h">
      <Filter>mysqlcpp</Filter>
    </ClInclude>
    <ClInclude Include="..\..\mysqlcpp\PreparedStatement.h">
      <Filter>mysqlcpp</Filter>
    </ClInclude>
    <ClInclude Include="..\..\mysqlcpp\QueryResult.h">
      <Filter>mysqlcpp</Filter>
    </ClInclude>
    <ClInclude Include="..\..\mysqlcpp\Transaction.h">
      <Filter>mysqlcpp</Filter>
    </ClInclude>
    <ClInclude Include="..\..\mysqlcpp\Types.h">
      <Filter>mysqlcpp</Filter>
    </ClInclude>
    <ClInclude Include="..\..\mysqlcpp\Utils.h">
      <Filter>mysqlcpp</Filter>
    </ClInclude>
    <ClInclude Include="..\..\mysqlcpp\test\DataBaseService.h">
      <Filter>mysqlcpp\test</Filter>
    </ClInclude>
    <ClInclude Include="..\..\mysqlcpp\test\AsyncTask.h">
      <Filter>mysqlcpp\test</Filter>
    </ClInclude>
  </ItemGroup>
  <ItemGroup>
    <ClCompile Include="..\..\mysqlcpp\Connection.cpp">
      <Filter>mysqlcpp</Filter>
    </ClCompile>
    <ClCompile Include="..\..\mysqlcpp\ConnectionPool.cpp">
      <Filter>mysqlcpp</Filter>
    </ClCompile>
    <ClCompile Include="..\..\mysqlcpp\DateTime.cpp">
      <Filter>mysqlcpp</Filter>
    </ClCompile>
    <ClCompile Include="..\..\mysqlcpp\FakeLog.cpp">
      <Filter>mysqlcpp</Filter>
    </ClCompile>
    <ClCompile Include="..\..\mysqlcpp\Field.cpp">
      <Filter>mysqlcpp</Filter>
    </ClCompile>
    <ClCompile Include="..\..\mysqlcpp\PreparedStatement.cpp">
      <Filter>mysqlcpp</Filter>
    </ClCompile>
    <ClCompile Include="..\..\mysqlcpp\QueryResult.cpp">
      <Filter>mysqlcpp</Filter>
    </ClCompile>
    <ClCompile Include="..\..\mysqlcpp\Transaction.cpp">
      <Filter>mysqlcpp</Filter>
    </ClCompile>
    <ClCompile Include="..\..\mysqlcpp\Utils.cpp">
      <Filter>mysqlcpp</Filter>
    </ClCompile>
    <ClCompile Include="..\..\mysqlcpp\test\TestMisc.cpp">
      <Filter>mysqlcpp\test</Filter>
    </ClCompile>
    <ClCompile Include="..\..\mysqlcpp\test\TestSelect.cpp">
      <Filter>mysqlcpp\test</Filter>
    </ClCompile>
    <ClCompile Include="..\..\mysqlcpp\test\DataBaseService.cpp">
      <Filter>mysqlcpp\test</Filter>
    </ClCompile>
    <ClCompile Include="..\..\mysqlcpp\test\TestDBService.cpp">
      <Filter>mysqlcpp\test</Filter>
    </ClCompile>
  </ItemGroup>
  <ItemGroup>
    <None Include="..\..\mysqlcpp\Makefile">
      <Filter>mysqlcpp</Filter>
    </None>
  </ItemGroup>
</Project>