<?xml version="1.0" encoding="utf-8"?>
<Project ToolsVersion="4.0" xmlns="http://schemas.microsoft.com/developer/msbuild/2003">
  <ItemGroup>
    <Filter Include="头文件">
      <UniqueIdentifier>{93995380-89BD-4b04-88EB-625FBE52EBFB}</UniqueIdentifier>
      <Extensions>h;hh;hpp;hxx;hm;inl;inc;xsd</Extensions>
    </Filter>
    <Filter Include="mysqlcpp">
      <UniqueIdentifier>{dbdbff21-85a6-4a4a-ae24-7a7cd80d94e9}</UniqueIdentifier>
    </Filter>
    <Filter Include="mysqlcpp\test">
      <UniqueIdentifier>{60d6dc14-aa97-40d5-bbf4-9eed4d2e95e0}</UniqueIdentifier>
    </Filter>
    <Filter Include="rediscpp_ex">
      <UniqueIdentifier>{3ebc11a4-1c6b-4b12-af70-332c442dc194}</UniqueIdentifier>
    </Filter>
    <Filter Include="rediscpp_ex\test">
      <UniqueIdentifier>{87fbd9cd-f87f-4bfd-9f91-922a24af8b61}</UniqueIdentifier>
    </Filter>
    <Filter Include="test">
      <UniqueIdentifier>{9a7a55bc-fd80-41d2-a431-cb5539c6328b}</UniqueIdentifier>
    </Filter>
    <Filter Include="test\boost">
      <UniqueIdentifier>{16abbf01-0801-4e5a-bdb6-07d303973a45}</UniqueIdentifier>
    </Filter>
    <Filter Include="test\boost\log">
      <UniqueIdentifier>{e7dc0a3d-5849-48d0-a073-0b8e71a9bd28}</UniqueIdentifier>
    </Filter>
    <Filter Include="game_server">
      <UniqueIdentifier>{4d291235-0df3-4474-a281-3eaafa848030}</UniqueIdentifier>
    </Filter>
    <Filter Include="zylib">
      <UniqueIdentifier>{65477ba9-098d-4b8e-a46a-252c90456719}</UniqueIdentifier>
    </Filter>
    <Filter Include="game_server\database">
      <UniqueIdentifier>{3601936a-d55e-4166-a641-78e70f75d5ec}</UniqueIdentifier>
    </Filter>
    <Filter Include="game_server\world">
      <UniqueIdentifier>{060bc611-a509-4c58-92a5-99d9365206ec}</UniqueIdentifier>
    </Filter>
  </ItemGroup>
  <ItemGroup>
    <ClInclude Include="..\..\mysqlcpp\Assert.h">
      <Filter>mysqlcpp</Filter>
    </ClInclude>
    <ClInclude Include="..\..\mysqlcpp\Connection.h">
      <Filter>mysqlcpp</Filter>
    </ClInclude>
    <ClInclude Include="..\..\mysqlcpp\ConnectionPool.h">
      <Filter>mysqlcpp</Filter>
    </ClInclude>
    <ClInclude Include="..\..\mysqlcpp\DateTime.h">
      <Filter>mysqlcpp</Filter>
    </ClInclude>
    <ClInclude Include="..\..\mysqlcpp\FakeLog.h">
      <Filter>mysqlcpp</Filter>
    </ClInclude>
    <ClInclude Include="..\..\mysqlcpp\Field.h">
      <Filter>mysqlcpp</Filter>
    </ClInclude>
    <ClInclude Include="..\..\mysqlcpp\MySqlCpp.h">
      <Filter>mysqlcpp</Filter>
    </ClInclude>
    <ClInclude Include="..\..\mysqlcpp\PreparedStatement.h">
      <Filter>mysqlcpp</Filter>
    </ClInclude>
    <ClInclude Include="..\..\mysqlcpp\QueryResult.h">
      <Filter>mysqlcpp</Filter>
    </ClInclude>
    <ClInclude Include="..\..\mysqlcpp\Transaction.h">
      <Filter>mysqlcpp</Filter>
    </ClInclude>
    <ClInclude Include="..\..\mysqlcpp\Types.h">
      <Filter>mysqlcpp</Filter>
    </ClInclude>
    <ClInclude Include="..\..\mysqlcpp\Utils.h">
      <Filter>mysqlcpp</Filter>
    </ClInclude>
    <ClInclude Include="..\..\mysqlcpp\test\DataBaseService.h">
      <Filter>mysqlcpp\test</Filter>
    </ClInclude>
    <ClInclude Include="..\..\mysqlcpp\test\AsyncTask.h">
      <Filter>mysqlcpp\test</Filter>
    </ClInclude>
    <ClInclude Include="..\..\rediscpp_ex\test\TestTool.h">
      <Filter>rediscpp_ex\test</Filter>
    </ClInclude>
    <ClInclude Include="..\..\rediscpp_ex\Connection.h">
      <Filter>rediscpp_ex</Filter>
    </ClInclude>
    <ClInclude Include="..\..\rediscpp_ex\Exception.h">
      <Filter>rediscpp_ex</Filter>
    </ClInclude>
    <ClInclude Include="..\..\rediscpp_ex\RedisCpp.h">
      <Filter>rediscpp_ex</Filter>
    </ClInclude>
    <ClInclude Include="..\..\rediscpp_ex\Script.h">
      <Filter>rediscpp_ex</Filter>
    </ClInclude>
    <ClInclude Include="..\..\rediscpp_ex\Set.h">
      <Filter>rediscpp_ex</Filter>
    </ClInclude>
    <ClInclude Include="..\..\rediscpp_ex\String.h">
      <Filter>rediscpp_ex</Filter>
    </ClInclude>
    <ClInclude Include="..\..\rediscpp_ex\Utile.h">
      <Filter>rediscpp_ex</Filter>
    </ClInclude>
    <ClInclude Include="..\..\rediscpp_ex\Zset.h">
      <Filter>rediscpp_ex</Filter>
    </ClInclude>
    <ClInclude Include="..\..\rediscpp_ex\Buffer.h">
      <Filter>rediscpp_ex</Filter>
    </ClInclude>
    <ClInclude Include="..\..\rediscpp_ex\Hash.h">
      <Filter>rediscpp_ex</Filter>
    </ClInclude>
    <ClInclude Include="..\..\rediscpp_ex\List.h">
      <Filter>rediscpp_ex</Filter>
    </ClInclude>
    <ClInclude Include="..\..\test\boost\log\Logger.h">
      <Filter>test\boost\log</Filter>
    </ClInclude>
    <ClInclude Include="..\..\game_server\Config.h">
      <Filter>game_server</Filter>
    </ClInclude>
    <ClInclude Include="..\..\game_server\GameAssert.h">
      <Filter>game_server</Filter>
    </ClInclude>
    <ClInclude Include="..\..\game_server\GameDefine.h">
      <Filter>game_server</Filter>
    </ClInclude>
    <ClInclude Include="..\..\game_server\GlobalService.h">
      <Filter>game_server</Filter>
    </ClInclude>
    <ClInclude Include="..\..\game_server\ServerApp.h">
      <Filter>game_server</Filter>
    </ClInclude>
    <ClInclude Include="..\..\zylib\Algorithm.h">
      <Filter>zylib</Filter>
    </ClInclude>
    <ClInclude Include="..\..\zylib\AsyncTask.h">
      <Filter>zylib</Filter>
    </ClInclude>
    <ClInclude Include="..\..\zylib\Code.h">
      <Filter>zylib</Filter>
    </ClInclude>
    <ClInclude Include="..\..\zylib\Future.h">
      <Filter>zylib</Filter>
    </ClInclude>
    <ClInclude Include="..\..\zylib\Queue.h">
      <Filter>zylib</Filter>
    </ClInclude>
    <ClInclude Include="..\..\zylib\Random.h">
      <Filter>zylib</Filter>
    </ClInclude>
    <ClInclude Include="..\..\zylib\RateGenerator.h">
      <Filter>zylib</Filter>
    </ClInclude>
    <ClInclude Include="..\..\zylib\Stack.h">
      <Filter>zylib</Filter>
    </ClInclude>
    <ClInclude Include="..\..\zylib\ThreadPool.h">
      <Filter>zylib</Filter>
    </ClInclude>
    <ClInclude Include="..\..\zylib\Timer.h">
      <Filter>zylib</Filter>
    </ClInclude>
    <ClInclude Include="..\..\zylib\Tools.h">
      <Filter>zylib</Filter>
    </ClInclude>
    <ClInclude Include="..\..\game_server\Log.h">
      <Filter>game_server</Filter>
    </ClInclude>
    <ClInclude Include="..\..\zylib\Logger.h">
      <Filter>zylib</Filter>
    </ClInclude>
    <ClInclude Include="..\..\game_server\tinyxml2.h">
      <Filter>zylib</Filter>
    </ClInclude>
    <ClInclude Include="..\..\zylib\String.h">
      <Filter>zylib</Filter>
    </ClInclude>
    <ClInclude Include="..\..\game_server\GameTools.h">
      <Filter>game_server</Filter>
    </ClInclude>
    <ClInclude Include="..\..\game_server\BoostDefine.h">
      <Filter>game_server</Filter>
    </ClInclude>
    <ClInclude Include="..\..\game_server\database\DataBaseService.h">
      <Filter>game_server\database</Filter>
    </ClInclude>
    <ClInclude Include="..\..\game_server\database\QueryResult.h">
      <Filter>game_server\database</Filter>
    </ClInclude>
    <ClInclude Include="..\..\game_server\world\GameConnection.h">
      <Filter>game_server\world</Filter>
    </ClInclude>
    <ClInclude Include="..\..\game_server\world\GameMessage.h">
      <Filter>game_server\world</Filter>
    </ClInclude>
    <ClInclude Include="..\..\game_server\world\GameMessageDispatcher.h">
      <Filter>game_server\world</Filter>
    </ClInclude>
    <ClInclude Include="..\..\game_server\world\TimerService.h">
      <Filter>game_server\world</Filter>
    </ClInclude>
    <ClInclude Include="..\..\game_server\world\UseridService.h">
      <Filter>game_server\world</Filter>
    </ClInclude>
    <ClInclude Include="..\..\game_server\world\UUIDService.h">
      <Filter>game_server\world</Filter>
    </ClInclude>
    <ClInclude Include="..\..\game_server\world\World.h">
      <Filter>game_server\world</Filter>
    </ClInclude>
    <ClInclude Include="..\..\game_server\world\WorldDefine.h">
      <Filter>game_server\world</Filter>
    </ClInclude>
    <ClInclude Include="..\..\game_server\world\WorldSession.h">
      <Filter>game_server\world</Filter>
    </ClInclude>
    <ClInclude Include="..\..\game_server\GameType.h">
      <Filter>game_server</Filter>
    </ClInclude>
  </ItemGroup>
  <ItemGroup>
    <ClCompile Include="..\..\mysqlcpp\Connection.cpp">
      <Filter>mysqlcpp</Filter>
    </ClCompile>
    <ClCompile Include="..\..\mysqlcpp\ConnectionPool.cpp">
      <Filter>mysqlcpp</Filter>
    </ClCompile>
    <ClCompile Include="..\..\mysqlcpp\DateTime.cpp">
      <Filter>mysqlcpp</Filter>
    </ClCompile>
    <ClCompile Include="..\..\mysqlcpp\FakeLog.cpp">
      <Filter>mysqlcpp</Filter>
    </ClCompile>
    <ClCompile Include="..\..\mysqlcpp\Field.cpp">
      <Filter>mysqlcpp</Filter>
    </ClCompile>
    <ClCompile Include="..\..\mysqlcpp\PreparedStatement.cpp">
      <Filter>mysqlcpp</Filter>
    </ClCompile>
    <ClCompile Include="..\..\mysqlcpp\QueryResult.cpp">
      <Filter>mysqlcpp</Filter>
    </ClCompile>
    <ClCompile Include="..\..\mysqlcpp\Transaction.cpp">
      <Filter>mysqlcpp</Filter>
    </ClCompile>
    <ClCompile Include="..\..\mysqlcpp\Utils.cpp">
      <Filter>mysqlcpp</Filter>
    </ClCompile>
    <ClCompile Include="..\..\mysqlcpp\test\TestMisc.cpp">
      <Filter>mysqlcpp\test</Filter>
    </ClCompile>
    <ClCompile Include="..\..\mysqlcpp\test\TestSelect.cpp">
      <Filter>mysqlcpp\test</Filter>
    </ClCompile>
    <ClCompile Include="..\..\mysqlcpp\test\DataBaseService.cpp">
      <Filter>mysqlcpp\test</Filter>
    </ClCompile>
    <ClCompile Include="..\..\mysqlcpp\test\TestDBService.cpp">
      <Filter>mysqlcpp\test</Filter>
    </ClCompile>
    <ClCompile Include="..\..\rediscpp_ex\test\TestList.cpp">
      <Filter>rediscpp_ex\test</Filter>
    </ClCompile>
    <ClCompile Include="..\..\rediscpp_ex\test\TestScript.cpp">
      <Filter>rediscpp_ex\test</Filter>
    </ClCompile>
    <ClCompile Include="..\..\rediscpp_ex\test\TestSet.cpp">
      <Filter>rediscpp_ex\test</Filter>
    </ClCompile>
    <ClCompile Include="..\..\rediscpp_ex\test\TestString.cpp">
      <Filter>rediscpp_ex\test</Filter>
    </ClCompile>
    <ClCompile Include="..\..\rediscpp_ex\test\TestTool.cpp">
      <Filter>rediscpp_ex\test</Filter>
    </ClCompile>
    <ClCompile Include="..\..\rediscpp_ex\test\TestZset.cpp">
      <Filter>rediscpp_ex\test</Filter>
    </ClCompile>
    <ClCompile Include="..\..\rediscpp_ex\test\TestConn.cpp">
      <Filter>rediscpp_ex\test</Filter>
    </ClCompile>
    <ClCompile Include="..\..\rediscpp_ex\Connection.cpp">
      <Filter>rediscpp_ex</Filter>
    </ClCompile>
    <ClCompile Include="..\..\rediscpp_ex\Exception.cpp">
      <Filter>rediscpp_ex</Filter>
    </ClCompile>
    <ClCompile Include="..\..\rediscpp_ex\Script.cpp">
      <Filter>rediscpp_ex</Filter>
    </ClCompile>
    <ClCompile Include="..\..\rediscpp_ex\Set.cpp">
      <Filter>rediscpp_ex</Filter>
    </ClCompile>
    <ClCompile Include="..\..\rediscpp_ex\String.cpp">
      <Filter>rediscpp_ex</Filter>
    </ClCompile>
    <ClCompile Include="..\..\rediscpp_ex\Utile.cpp">
      <Filter>rediscpp_ex</Filter>
    </ClCompile>
    <ClCompile Include="..\..\rediscpp_ex\Zset.cpp">
      <Filter>rediscpp_ex</Filter>
    </ClCompile>
    <ClCompile Include="..\..\rediscpp_ex\Buffer.cpp">
      <Filter>rediscpp_ex</Filter>
    </ClCompile>
    <ClCompile Include="..\..\rediscpp_ex\Hash.cpp">
      <Filter>rediscpp_ex</Filter>
    </ClCompile>
    <ClCompile Include="..\..\rediscpp_ex\List.cpp">
      <Filter>rediscpp_ex</Filter>
    </ClCompile>
    <ClCompile Include="..\..\test\boost\convert.cpp">
      <Filter>test\boost</Filter>
    </ClCompile>
    <ClCompile Include="..\..\test\boost\format.cpp">
      <Filter>test\boost</Filter>
    </ClCompile>
    <ClCompile Include="..\..\test\boost\md5.cpp">
      <Filter>test\boost</Filter>
    </ClCompile>
    <ClCompile Include="..\..\test\boost\signal.cpp">
      <Filter>test\boost</Filter>
    </ClCompile>
    <ClCompile Include="..\..\test\boost\stream_buff.cpp">
      <Filter>test\boost</Filter>
    </ClCompile>
    <ClCompile Include="..\..\test\boost\uuid.cpp">
      <Filter>test\boost</Filter>
    </ClCompile>
    <ClCompile Include="..\..\test\boost\log\Logger.cpp">
      <Filter>test\boost\log</Filter>
    </ClCompile>
    <ClCompile Include="..\..\test\boost\log\main.cpp">
      <Filter>test\boost\log</Filter>
    </ClCompile>
    <ClCompile Include="..\..\test\boost\log\mainEx.cc">
      <Filter>test\boost\log</Filter>
    </ClCompile>
    <ClCompile Include="..\..\game_server\Config.cpp">
      <Filter>game_server</Filter>
    </ClCompile>
    <ClCompile Include="..\..\game_server\GameDefine.cpp">
      <Filter>game_server</Filter>
    </ClCompile>
    <ClCompile Include="..\..\game_server\GlobalService.cpp">
      <Filter>game_server</Filter>
    </ClCompile>
    <ClCompile Include="..\..\game_server\main.cpp">
      <Filter>game_server</Filter>
    </ClCompile>
    <ClCompile Include="..\..\game_server\ServerApp.cpp">
      <Filter>game_server</Filter>
    </ClCompile>
    <ClCompile Include="..\..\zylib\Code.cpp">
      <Filter>zylib</Filter>
    </ClCompile>
    <ClCompile Include="..\..\zylib\Random.cpp">
      <Filter>zylib</Filter>
    </ClCompile>
    <ClCompile Include="..\..\zylib\Tools.cpp">
      <Filter>zylib</Filter>
    </ClCompile>
    <ClCompile Include="..\..\zylib\Logger.cpp">
      <Filter>zylib</Filter>
    </ClCompile>
    <ClCompile Include="..\..\game_server\tinyxml2.cpp">
      <Filter>zylib</Filter>
    </ClCompile>
    <ClCompile Include="..\..\zylib\String.cpp">
      <Filter>zylib</Filter>
    </ClCompile>
    <ClCompile Include="..\..\game_server\GameTools.cpp">
      <Filter>game_server</Filter>
    </ClCompile>
    <ClCompile Include="..\..\game_server\database\DataBaseService.cpp">
      <Filter>game_server\database</Filter>
    </ClCompile>
    <ClCompile Include="..\..\game_server\world\GameConnection.cpp">
      <Filter>game_server\world</Filter>
    </ClCompile>
    <ClCompile Include="..\..\game_server\world\GameMessage.cpp">
      <Filter>game_server\world</Filter>
    </ClCompile>
    <ClCompile Include="..\..\game_server\world\GameMessageDispatcher.cpp">
      <Filter>game_server\world</Filter>
    </ClCompile>
    <ClCompile Include="..\..\game_server\world\TimerService.cpp">
      <Filter>game_server\world</Filter>
    </ClCompile>
    <ClCompile Include="..\..\game_server\world\UseridService.cpp">
      <Filter>game_server\world</Filter>
    </ClCompile>
    <ClCompile Include="..\..\game_server\world\UUIDService.cpp">
      <Filter>game_server\world</Filter>
    </ClCompile>
    <ClCompile Include="..\..\game_server\world\World.cpp">
      <Filter>game_server\world</Filter>
    </ClCompile>
    <ClCompile Include="..\..\game_server\world\WorldSession.cpp">
      <Filter>game_server\world</Filter>
    </ClCompile>
  </ItemGroup>
  <ItemGroup>
    <None Include="..\..\mysqlcpp\Makefile">
      <Filter>mysqlcpp</Filter>
    </None>
    <None Include="..\..\test\boost\log\Makefile">
      <Filter>test\boost\log</Filter>
    </None>
  </ItemGroup>
</Project>