
Microsoft Visual Studio Solution File, Format Version 12.00
# Visual Studio 15
VisualStudioVersion = 15.0.26430.15
MinimumVisualStudioVersion = 10.0.40219.1
Project("{8BC9CEB8-8B4A-11D0-8D11-00A0C91BC942}") = "vsproject", "vsproject\vsproject.vcxproj", "{9C50B3A6-63B7-4880-A997-7B4D0B7B12FC}"
EndProject
Project("{8BC9CEB8-8B4A-11D0-8D11-00A0C91BC942}") = "login_server", "login_server\login_server.vcxproj", "{9756D7B5-58CF-4BC4-982F-AD207B131DF0}"
EndProject
Project("{8BC9CEB8-8B4A-11D0-8D11-00A0C91BC942}") = "zylib", "zylib\zylib.vcxproj", "{2833C1AF-FD89-4D94-87CD-6389D612820C}"
EndProject
Project("{8BC9CEB8-8B4A-11D0-8D11-00A0C91BC942}") = "nel", "nel\nel.vcxproj", "{F2976A22-5638-454B-885B-B658798D1F53}"
EndProject
Project("{8BC9CEB8-8B4A-11D0-8D11-00A0C91BC942}") = "mysqlcpp", "mysqlcpp\mysqlcpp.vcxproj", "{0324F65F-1767-4851-9A8B-B4D6851CA050}"
EndProject
Project("{8BC9CEB8-8B4A-11D0-8D11-00A0C91BC942}") = "rediscpp", "rediscpp\rediscpp.vcxproj", "{30FE4E6C-D804-4FC7-8D70-83F5F6ACF6D5}"
EndProject
Project("{8BC9CEB8-8B4A-11D0-8D11-00A0C91BC942}") = "stream_server", "stream_server\stream_server.vcxproj", "{8E6AAD2E-9149-4509-AA87-42CACD827D2F}"
EndProject
Project("{8BC9CEB8-8B4A-11D0-8D11-00A0C91BC942}") = "mysqlcpp_v2", "mysqlcpp_v2\mysqlcpp_v2.vcxproj", "{342C7480-7994-4E14-AC25-27774D991669}"
EndProject
Project("{8BC9CEB8-8B4A-11D0-8D11-00A0C91BC942}") = "kafkacpp", "kafkacpp\kafkacpp.vcxproj", "{A4E2FBFB-07ED-4A63-BD56-C3144D751C61}"
EndProject
Project("{8BC9CEB8-8B4A-11D0-8D11-00A0C91BC942}") = "rdkafkacpp", "rdkafkacpp\rdkafkacpp.vcxproj", "{6E231AE5-6A2B-41DF-A8CB-D6418E6A8AB5}"
EndProject
Project("{8BC9CEB8-8B4A-11D0-8D11-00A0C91BC942}") = "knet", "knet\knet.vcxproj", "{73F863CE-8A19-4021-BEFF-84DB779AE5D3}"
EndProject
Project("{8BC9CEB8-8B4A-11D0-8D11-00A0C91BC942}") = "frontend_service", "frontend_service\frontend_service.vcxproj", "{39AAC580-68AE-407E-9652-17500D28864E}"
EndProject
Global
	GlobalSection(SolutionConfigurationPlatforms) = preSolution
		Debug|x64 = Debug|x64
		Debug|x86 = Debug|x86
		Release|x64 = Release|x64
		Release|x86 = Release|x86
	EndGlobalSection
	GlobalSection(ProjectConfigurationPlatforms) = postSolution
		{9C50B3A6-63B7-4880-A997-7B4D0B7B12FC}.Debug|x64.ActiveCfg = Debug|x64
		{9C50B3A6-63B7-4880-A997-7B4D0B7B12FC}.Debug|x64.Build.0 = Debug|x64
		{9C50B3A6-63B7-4880-A997-7B4D0B7B12FC}.Debug|x86.ActiveCfg = Debug|Win32
		{9C50B3A6-63B7-4880-A997-7B4D0B7B12FC}.Debug|x86.Build.0 = Debug|Win32
		{9C50B3A6-63B7-4880-A997-7B4D0B7B12FC}.Release|x64.ActiveCfg = Release|x64
		{9C50B3A6-63B7-4880-A997-7B4D0B7B12FC}.Release|x64.Build.0 = Release|x64
		{9C50B3A6-63B7-4880-A997-7B4D0B7B12FC}.Release|x86.ActiveCfg = Release|Win32
		{9C50B3A6-63B7-4880-A997-7B4D0B7B12FC}.Release|x86.Build.0 = Release|Win32
		{9756D7B5-58CF-4BC4-982F-AD207B131DF0}.Debug|x64.ActiveCfg = Debug|x64
		{9756D7B5-58CF-4BC4-982F-AD207B131DF0}.Debug|x64.Build.0 = Debug|x64
		{9756D7B5-58CF-4BC4-982F-AD207B131DF0}.Debug|x86.ActiveCfg = Debug|Win32
		{9756D7B5-58CF-4BC4-982F-AD207B131DF0}.Debug|x86.Build.0 = Debug|Win32
		{9756D7B5-58CF-4BC4-982F-AD207B131DF0}.Release|x64.ActiveCfg = Release|x64
		{9756D7B5-58CF-4BC4-982F-AD207B131DF0}.Release|x64.Build.0 = Release|x64
		{9756D7B5-58CF-4BC4-982F-AD207B131DF0}.Release|x86.ActiveCfg = Release|Win32
		{9756D7B5-58CF-4BC4-982F-AD207B131DF0}.Release|x86.Build.0 = Release|Win32
		{2833C1AF-FD89-4D94-87CD-6389D612820C}.Debug|x64.ActiveCfg = Debug|x64
		{2833C1AF-FD89-4D94-87CD-6389D612820C}.Debug|x64.Build.0 = Debug|x64
		{2833C1AF-FD89-4D94-87CD-6389D612820C}.Debug|x86.ActiveCfg = Debug|Win32
		{2833C1AF-FD89-4D94-87CD-6389D612820C}.Debug|x86.Build.0 = Debug|Win32
		{2833C1AF-FD89-4D94-87CD-6389D612820C}.Release|x64.ActiveCfg = Release|x64
		{2833C1AF-FD89-4D94-87CD-6389D612820C}.Release|x64.Build.0 = Release|x64
		{2833C1AF-FD89-4D94-87CD-6389D612820C}.Release|x86.ActiveCfg = Release|Win32
		{2833C1AF-FD89-4D94-87CD-6389D612820C}.Release|x86.Build.0 = Release|Win32
		{F2976A22-5638-454B-885B-B658798D1F53}.Debug|x64.ActiveCfg = Debug|x64
		{F2976A22-5638-454B-885B-B658798D1F53}.Debug|x64.Build.0 = Debug|x64
		{F2976A22-5638-454B-885B-B658798D1F53}.Debug|x86.ActiveCfg = Debug|Win32
		{F2976A22-5638-454B-885B-B658798D1F53}.Debug|x86.Build.0 = Debug|Win32
		{F2976A22-5638-454B-885B-B658798D1F53}.Release|x64.ActiveCfg = Release|x64
		{F2976A22-5638-454B-885B-B658798D1F53}.Release|x64.Build.0 = Release|x64
		{F2976A22-5638-454B-885B-B658798D1F53}.Release|x86.ActiveCfg = Release|Win32
		{F2976A22-5638-454B-885B-B658798D1F53}.Release|x86.Build.0 = Release|Win32
		{0324F65F-1767-4851-9A8B-B4D6851CA050}.Debug|x64.ActiveCfg = Debug|x64
		{0324F65F-1767-4851-9A8B-B4D6851CA050}.Debug|x64.Build.0 = Debug|x64
		{0324F65F-1767-4851-9A8B-B4D6851CA050}.Debug|x86.ActiveCfg = Debug|Win32
		{0324F65F-1767-4851-9A8B-B4D6851CA050}.Debug|x86.Build.0 = Debug|Win32
		{0324F65F-1767-4851-9A8B-B4D6851CA050}.Release|x64.ActiveCfg = Release|x64
		{0324F65F-1767-4851-9A8B-B4D6851CA050}.Release|x64.Build.0 = Release|x64
		{0324F65F-1767-4851-9A8B-B4D6851CA050}.Release|x86.ActiveCfg = Release|Win32
		{0324F65F-1767-4851-9A8B-B4D6851CA050}.Release|x86.Build.0 = Release|Win32
		{30FE4E6C-D804-4FC7-8D70-83F5F6ACF6D5}.Debug|x64.ActiveCfg = Debug|x64
		{30FE4E6C-D804-4FC7-8D70-83F5F6ACF6D5}.Debug|x64.Build.0 = Debug|x64
		{30FE4E6C-D804-4FC7-8D70-83F5F6ACF6D5}.Debug|x86.ActiveCfg = Debug|Win32
		{30FE4E6C-D804-4FC7-8D70-83F5F6ACF6D5}.Debug|x86.Build.0 = Debug|Win32
		{30FE4E6C-D804-4FC7-8D70-83F5F6ACF6D5}.Release|x64.ActiveCfg = Release|x64
		{30FE4E6C-D804-4FC7-8D70-83F5F6ACF6D5}.Release|x64.Build.0 = Release|x64
		{30FE4E6C-D804-4FC7-8D70-83F5F6ACF6D5}.Release|x86.ActiveCfg = Release|Win32
		{30FE4E6C-D804-4FC7-8D70-83F5F6ACF6D5}.Release|x86.Build.0 = Release|Win32
		{8E6AAD2E-9149-4509-AA87-42CACD827D2F}.Debug|x64.ActiveCfg = Debug|x64
		{8E6AAD2E-9149-4509-AA87-42CACD827D2F}.Debug|x64.Build.0 = Debug|x64
		{8E6AAD2E-9149-4509-AA87-42CACD827D2F}.Debug|x86.ActiveCfg = Debug|Win32
		{8E6AAD2E-9149-4509-AA87-42CACD827D2F}.Debug|x86.Build.0 = Debug|Win32
		{8E6AAD2E-9149-4509-AA87-42CACD827D2F}.Release|x64.ActiveCfg = Release|x64
		{8E6AAD2E-9149-4509-AA87-42CACD827D2F}.Release|x64.Build.0 = Release|x64
		{8E6AAD2E-9149-4509-AA87-42CACD827D2F}.Release|x86.ActiveCfg = Release|Win32
		{8E6AAD2E-9149-4509-AA87-42CACD827D2F}.Release|x86.Build.0 = Release|Win32
		{342C7480-7994-4E14-AC25-27774D991669}.Debug|x64.ActiveCfg = Debug|x64
		{342C7480-7994-4E14-AC25-27774D991669}.Debug|x64.Build.0 = Debug|x64
		{342C7480-7994-4E14-AC25-27774D991669}.Debug|x86.ActiveCfg = Debug|Win32
		{342C7480-7994-4E14-AC25-27774D991669}.Debug|x86.Build.0 = Debug|Win32
		{342C7480-7994-4E14-AC25-27774D991669}.Release|x64.ActiveCfg = Release|x64
		{342C7480-7994-4E14-AC25-27774D991669}.Release|x64.Build.0 = Release|x64
		{342C7480-7994-4E14-AC25-27774D991669}.Release|x86.ActiveCfg = Release|Win32
		{342C7480-7994-4E14-AC25-27774D991669}.Release|x86.Build.0 = Release|Win32
		{A4E2FBFB-07ED-4A63-BD56-C3144D751C61}.Debug|x64.ActiveCfg = Debug|x64
		{A4E2FBFB-07ED-4A63-BD56-C3144D751C61}.Debug|x64.Build.0 = Debug|x64
		{A4E2FBFB-07ED-4A63-BD56-C3144D751C61}.Debug|x86.ActiveCfg = Debug|Win32
		{A4E2FBFB-07ED-4A63-BD56-C3144D751C61}.Debug|x86.Build.0 = Debug|Win32
		{A4E2FBFB-07ED-4A63-BD56-C3144D751C61}.Release|x64.ActiveCfg = Release|x64
		{A4E2FBFB-07ED-4A63-BD56-C3144D751C61}.Release|x64.Build.0 = Release|x64
		{A4E2FBFB-07ED-4A63-BD56-C3144D751C61}.Release|x86.ActiveCfg = Release|Win32
		{A4E2FBFB-07ED-4A63-BD56-C3144D751C61}.Release|x86.Build.0 = Release|Win32
		{6E231AE5-6A2B-41DF-A8CB-D6418E6A8AB5}.Debug|x64.ActiveCfg = Debug|x64
		{6E231AE5-6A2B-41DF-A8CB-D6418E6A8AB5}.Debug|x64.Build.0 = Debug|x64
		{6E231AE5-6A2B-41DF-A8CB-D6418E6A8AB5}.Debug|x86.ActiveCfg = Debug|Win32
		{6E231AE5-6A2B-41DF-A8CB-D6418E6A8AB5}.Debug|x86.Build.0 = Debug|Win32
		{6E231AE5-6A2B-41DF-A8CB-D6418E6A8AB5}.Release|x64.ActiveCfg = Release|x64
		{6E231AE5-6A2B-41DF-A8CB-D6418E6A8AB5}.Release|x64.Build.0 = Release|x64
		{6E231AE5-6A2B-41DF-A8CB-D6418E6A8AB5}.Release|x86.ActiveCfg = Release|Win32
		{6E231AE5-6A2B-41DF-A8CB-D6418E6A8AB5}.Release|x86.Build.0 = Release|Win32
		{73F863CE-8A19-4021-BEFF-84DB779AE5D3}.Debug|x64.ActiveCfg = Debug|x64
		{73F863CE-8A19-4021-BEFF-84DB779AE5D3}.Debug|x64.Build.0 = Debug|x64
		{73F863CE-8A19-4021-BEFF-84DB779AE5D3}.Debug|x86.ActiveCfg = Debug|Win32
		{73F863CE-8A19-4021-BEFF-84DB779AE5D3}.Debug|x86.Build.0 = Debug|Win32
		{73F863CE-8A19-4021-BEFF-84DB779AE5D3}.Release|x64.ActiveCfg = Release|x64
		{73F863CE-8A19-4021-BEFF-84DB779AE5D3}.Release|x64.Build.0 = Release|x64
		{73F863CE-8A19-4021-BEFF-84DB779AE5D3}.Release|x86.ActiveCfg = Release|Win32
		{73F863CE-8A19-4021-BEFF-84DB779AE5D3}.Release|x86.Build.0 = Release|Win32
		{39AAC580-68AE-407E-9652-17500D28864E}.Debug|x64.ActiveCfg = Debug|x64
		{39AAC580-68AE-407E-9652-17500D28864E}.Debug|x64.Build.0 = Debug|x64
		{39AAC580-68AE-407E-9652-17500D28864E}.Debug|x86.ActiveCfg = Debug|Win32
		{39AAC580-68AE-407E-9652-17500D28864E}.Debug|x86.Build.0 = Debug|Win32
		{39AAC580-68AE-407E-9652-17500D28864E}.Release|x64.ActiveCfg = Release|x64
		{39AAC580-68AE-407E-9652-17500D28864E}.Release|x64.Build.0 = Release|x64
		{39AAC580-68AE-407E-9652-17500D28864E}.Release|x86.ActiveCfg = Release|Win32
		{39AAC580-68AE-407E-9652-17500D28864E}.Release|x86.Build.0 = Release|Win32
	EndGlobalSection
	GlobalSection(SolutionProperties) = preSolution
		HideSolutionNode = FALSE
	EndGlobalSection
	GlobalSection(ExtensibilityGlobals) = postSolution
		SolutionGuid = {D9A15709-FE4E-454F-90DF-CB8FA5211932}
	EndGlobalSection
EndGlobal
