<?xml version="1.0" encoding="utf-8"?>
<Project ToolsVersion="4.0" xmlns="http://schemas.microsoft.com/developer/msbuild/2003">
  <ItemGroup>
    <Filter Include="rdkafkacpp">
      <UniqueIdentifier>{60a0f61b-40ac-46bd-a25b-7b156402adfc}</UniqueIdentifier>
    </Filter>
    <Filter Include="rdkafkacpp\test">
      <UniqueIdentifier>{f1c1ef5f-430c-4145-8444-d24fe187e0f1}</UniqueIdentifier>
    </Filter>
    <Filter Include="rdkafkacpp\test_ex">
      <UniqueIdentifier>{9a8d0bf4-d329-4424-bcfa-8c923bc42a36}</UniqueIdentifier>
    </Filter>
  </ItemGroup>
  <ItemGroup>
    <ClCompile Include="..\..\rdkafkacpp\test_ex\TestOffsetConsumer.cpp">
      <Filter>rdkafkacpp\test_ex</Filter>
    </ClCompile>
    <ClCompile Include="..\..\rdkafkacpp\test_ex\TestOffsetConsumerOther.cpp">
      <Filter>rdkafkacpp\test_ex</Filter>
    </ClCompile>
    <ClCompile Include="..\..\rdkafkacpp\test_ex\Utility.cpp">
      <Filter>rdkafkacpp\test_ex</Filter>
    </ClCompile>
    <ClCompile Include="..\..\rdkafkacpp\test_ex\TestOffsetProducer.cpp">
      <Filter>rdkafkacpp\test_ex</Filter>
    </ClCompile>
  </ItemGroup>
  <ItemGroup>
    <ClInclude Include="..\..\rdkafkacpp\test_ex\Utility.h">
      <Filter>rdkafkacpp\test_ex</Filter>
    </ClInclude>
  </ItemGroup>
  <ItemGroup>
    <None Include="..\..\rdkafkacpp\test_ex\Makefile">
      <Filter>rdkafkacpp\test_ex</Filter>
    </None>
  </ItemGroup>
</Project>