<?xml version="1.0" encoding="utf-8"?>
<Project ToolsVersion="4.0" xmlns="http://schemas.microsoft.com/developer/msbuild/2003">
  <ItemGroup>
    <Filter Include="zylib">
      <UniqueIdentifier>{af53ab70-5ffb-4eb3-84f9-c50838f26cd9}</UniqueIdentifier>
    </Filter>
    <Filter Include="zylib\test">
      <UniqueIdentifier>{a2ef2921-d4a8-4e9e-9d3a-77c5b41265e8}</UniqueIdentifier>
    </Filter>
  </ItemGroup>
  <ItemGroup>
    <ClInclude Include="..\..\zylib\Algorithm.h">
      <Filter>zylib</Filter>
    </ClInclude>
    <ClInclude Include="..\..\zylib\AsyncTask.h">
      <Filter>zylib</Filter>
    </ClInclude>
    <ClInclude Include="..\..\zylib\Code.h">
      <Filter>zylib</Filter>
    </ClInclude>
    <ClInclude Include="..\..\zylib\DateTime.h">
      <Filter>zylib</Filter>
    </ClInclude>
    <ClInclude Include="..\..\zylib\Future.h">
      <Filter>zylib</Filter>
    </ClInclude>
    <ClInclude Include="..\..\zylib\Logger.h">
      <Filter>zylib</Filter>
    </ClInclude>
    <ClInclude Include="..\..\zylib\Queue.h">
      <Filter>zylib</Filter>
    </ClInclude>
    <ClInclude Include="..\..\zylib\Random.h">
      <Filter>zylib</Filter>
    </ClInclude>
    <ClInclude Include="..\..\zylib\RateGenerator.h">
      <Filter>zylib</Filter>
    </ClInclude>
    <ClInclude Include="..\..\zylib\Snowflake.h">
      <Filter>zylib</Filter>
    </ClInclude>
    <ClInclude Include="..\..\zylib\Stack.h">
      <Filter>zylib</Filter>
    </ClInclude>
    <ClInclude Include="..\..\zylib\String.h">
      <Filter>zylib</Filter>
    </ClInclude>
    <ClInclude Include="..\..\zylib\ThreadPool.h">
      <Filter>zylib</Filter>
    </ClInclude>
    <ClInclude Include="..\..\zylib\Timer.h">
      <Filter>zylib</Filter>
    </ClInclude>
    <ClInclude Include="..\..\zylib\Tools.h">
      <Filter>zylib</Filter>
    </ClInclude>
    <ClInclude Include="..\..\zylib\TypeTraits.h">
      <Filter>zylib</Filter>
    </ClInclude>
    <ClInclude Include="..\..\zylib\ZYLib.h">
      <Filter>zylib</Filter>
    </ClInclude>
  </ItemGroup>
  <ItemGroup>
    <ClCompile Include="..\..\zylib\Code.cpp">
      <Filter>zylib</Filter>
    </ClCompile>
    <ClCompile Include="..\..\zylib\DateTime.cpp">
      <Filter>zylib</Filter>
    </ClCompile>
    <ClCompile Include="..\..\zylib\Logger.cpp">
      <Filter>zylib</Filter>
    </ClCompile>
    <ClCompile Include="..\..\zylib\Random.cpp">
      <Filter>zylib</Filter>
    </ClCompile>
    <ClCompile Include="..\..\zylib\String.cpp">
      <Filter>zylib</Filter>
    </ClCompile>
    <ClCompile Include="..\..\zylib\Tools.cpp">
      <Filter>zylib</Filter>
    </ClCompile>
    <ClCompile Include="..\..\zylib\test\test.cc">
      <Filter>zylib\test</Filter>
    </ClCompile>
    <ClCompile Include="..\..\zylib\test\TestLog.cpp">
      <Filter>zylib\test</Filter>
    </ClCompile>
    <ClCompile Include="..\..\zylib\test\TestRandom.cpp">
      <Filter>zylib\test</Filter>
    </ClCompile>
    <ClCompile Include="..\..\zylib\test\TestSnowflake.cpp">
      <Filter>zylib\test</Filter>
    </ClCompile>
    <ClCompile Include="..\..\zylib\test\TestUtf8.cpp">
      <Filter>zylib\test</Filter>
    </ClCompile>
  </ItemGroup>
  <ItemGroup>
    <None Include="..\..\zylib\Makefile">
      <Filter>zylib</Filter>
    </None>
    <None Include="..\..\zylib\test\Makefile">
      <Filter>zylib\test</Filter>
    </None>
  </ItemGroup>
</Project>