<?xml version="1.0" encoding="utf-8"?>
<Project ToolsVersion="4.0" xmlns="http://schemas.microsoft.com/developer/msbuild/2003">
  <ItemGroup>
    <Filter Include="mysqlcpp">
      <UniqueIdentifier>{85653c4b-83d2-4a94-a2fa-9303e8385cfc}</UniqueIdentifier>
    </Filter>
    <Filter Include="mysqlcpp\test">
      <UniqueIdentifier>{ac441e4b-d798-4dfd-8933-31af61366684}</UniqueIdentifier>
    </Filter>
    <Filter Include="mysqlcpp\detail">
      <UniqueIdentifier>{65340046-44e1-49ff-ab7a-49a751b308e6}</UniqueIdentifier>
    </Filter>
  </ItemGroup>
  <ItemGroup>
    <ClInclude Include="..\..\mysqlcpp\Connection.h">
      <Filter>mysqlcpp</Filter>
    </ClInclude>
    <ClInclude Include="..\..\mysqlcpp\ConnectionPool.h">
      <Filter>mysqlcpp</Filter>
    </ClInclude>
    <ClInclude Include="..\..\mysqlcpp\DateTime.h">
      <Filter>mysqlcpp</Filter>
    </ClInclude>
    <ClInclude Include="..\..\mysqlcpp\FakeLog.h">
      <Filter>mysqlcpp</Filter>
    </ClInclude>
    <ClInclude Include="..\..\mysqlcpp\Field.h">
      <Filter>mysqlcpp</Filter>
    </ClInclude>
    <ClInclude Include="..\..\mysqlcpp\FieldMeta.h">
      <Filter>mysqlcpp</Filter>
    </ClInclude>
    <ClInclude Include="..\..\mysqlcpp\mysqlcpp.h">
      <Filter>mysqlcpp</Filter>
    </ClInclude>
    <ClInclude Include="..\..\mysqlcpp\MysqlcppAssert.h">
      <Filter>mysqlcpp</Filter>
    </ClInclude>
    <ClInclude Include="..\..\mysqlcpp\PreparedStatement.h">
      <Filter>mysqlcpp</Filter>
    </ClInclude>
    <ClInclude Include="..\..\mysqlcpp\ResultSet.h">
      <Filter>mysqlcpp</Filter>
    </ClInclude>
    <ClInclude Include="..\..\mysqlcpp\Statement.h">
      <Filter>mysqlcpp</Filter>
    </ClInclude>
    <ClInclude Include="..\..\mysqlcpp\Transaction.h">
      <Filter>mysqlcpp</Filter>
    </ClInclude>
    <ClInclude Include="..\..\mysqlcpp\Types.h">
      <Filter>mysqlcpp</Filter>
    </ClInclude>
    <ClInclude Include="..\..\mysqlcpp\Utils.h">
      <Filter>mysqlcpp</Filter>
    </ClInclude>
    <ClInclude Include="..\..\mysqlcpp\test\AsyncTask.h">
      <Filter>mysqlcpp\test</Filter>
    </ClInclude>
    <ClInclude Include="..\..\mysqlcpp\detail\Convert.h">
      <Filter>mysqlcpp\detail</Filter>
    </ClInclude>
    <ClInclude Include="..\..\mysqlcpp\detail\ParamBind.h">
      <Filter>mysqlcpp\detail</Filter>
    </ClInclude>
    <ClInclude Include="..\..\mysqlcpp\detail\ResultBind.h">
      <Filter>mysqlcpp\detail</Filter>
    </ClInclude>
    <ClInclude Include="..\..\mysqlcpp\detail\SafeString.h">
      <Filter>mysqlcpp\detail</Filter>
    </ClInclude>
  </ItemGroup>
  <ItemGroup>
    <ClCompile Include="..\..\mysqlcpp\Connection.cpp">
      <Filter>mysqlcpp</Filter>
    </ClCompile>
    <ClCompile Include="..\..\mysqlcpp\ConnectionPool.cpp">
      <Filter>mysqlcpp</Filter>
    </ClCompile>
    <ClCompile Include="..\..\mysqlcpp\DateTime.cpp">
      <Filter>mysqlcpp</Filter>
    </ClCompile>
    <ClCompile Include="..\..\mysqlcpp\FakeLog.cpp">
      <Filter>mysqlcpp</Filter>
    </ClCompile>
    <ClCompile Include="..\..\mysqlcpp\Field.cpp">
      <Filter>mysqlcpp</Filter>
    </ClCompile>
    <ClCompile Include="..\..\mysqlcpp\FieldMeta.cpp">
      <Filter>mysqlcpp</Filter>
    </ClCompile>
    <ClCompile Include="..\..\mysqlcpp\PreparedStatement.cpp">
      <Filter>mysqlcpp</Filter>
    </ClCompile>
    <ClCompile Include="..\..\mysqlcpp\ResultSet.cpp">
      <Filter>mysqlcpp</Filter>
    </ClCompile>
    <ClCompile Include="..\..\mysqlcpp\Statement.cpp">
      <Filter>mysqlcpp</Filter>
    </ClCompile>
    <ClCompile Include="..\..\mysqlcpp\Transaction.cpp">
      <Filter>mysqlcpp</Filter>
    </ClCompile>
    <ClCompile Include="..\..\mysqlcpp\Utils.cpp">
      <Filter>mysqlcpp</Filter>
    </ClCompile>
    <ClCompile Include="..\..\mysqlcpp\test\TestAll.cpp">
      <Filter>mysqlcpp\test</Filter>
    </ClCompile>
    <ClCompile Include="..\..\mysqlcpp\test\TestBigTable.cpp">
      <Filter>mysqlcpp\test</Filter>
    </ClCompile>
    <ClCompile Include="..\..\mysqlcpp\test\TestConvert.cpp">
      <Filter>mysqlcpp\test</Filter>
    </ClCompile>
    <ClCompile Include="..\..\mysqlcpp\test\TestSafeString.cpp">
      <Filter>mysqlcpp\test</Filter>
    </ClCompile>
    <ClCompile Include="..\..\mysqlcpp\test\TestThreads.cpp">
      <Filter>mysqlcpp\test</Filter>
    </ClCompile>
    <ClCompile Include="..\..\mysqlcpp\test\TestXX.cpp">
      <Filter>mysqlcpp\test</Filter>
    </ClCompile>
    <ClCompile Include="..\..\mysqlcpp\test\TestXX2.cpp">
      <Filter>mysqlcpp\test</Filter>
    </ClCompile>
    <ClCompile Include="..\..\mysqlcpp\detail\ParamBind.cpp">
      <Filter>mysqlcpp\detail</Filter>
    </ClCompile>
    <ClCompile Include="..\..\mysqlcpp\detail\ResultBind.cpp">
      <Filter>mysqlcpp\detail</Filter>
    </ClCompile>
  </ItemGroup>
  <ItemGroup>
    <None Include="..\..\mysqlcpp\test\Makefile">
      <Filter>mysqlcpp\test</Filter>
    </None>
  </ItemGroup>
</Project>