<?xml version="1.0" encoding="utf-8"?>
<Project ToolsVersion="4.0" xmlns="http://schemas.microsoft.com/developer/msbuild/2003">
  <ItemGroup>
    <ClCompile Include="..\..\knet\UniformNetwork.cpp" />
    <ClCompile Include="..\..\knet\CallbackManager.cpp" />
    <ClCompile Include="..\..\knet\RPCManager.cpp" />
    <ClCompile Include="..\..\knet\TimerManager.cpp" />
    <ClCompile Include="..\..\knet\EventManager.cpp" />
    <ClCompile Include="..\..\knet\detail\AsyncReceivedMsgCB.cpp">
      <Filter>detail</Filter>
    </ClCompile>
    <ClCompile Include="..\..\knet\FakeLog.cpp" />
    <ClCompile Include="..\..\knet\detail\kafka\Callback.cpp">
      <Filter>detail\kafka</Filter>
    </ClCompile>
    <ClCompile Include="..\..\knet\detail\kafka\Consumer.cpp">
      <Filter>detail\kafka</Filter>
    </ClCompile>
    <ClCompile Include="..\..\knet\detail\kafka\Producer.cpp">
      <Filter>detail\kafka</Filter>
    </ClCompile>
    <ClCompile Include="..\..\knet\test\game.cpp">
      <Filter>test</Filter>
    </ClCompile>
    <ClCompile Include="..\..\knet\test\lobby.cpp">
      <Filter>test</Filter>
    </ClCompile>
    <ClCompile Include="..\..\knet\KNetTypes.cpp" />
    <ClCompile Include="..\..\knet\detail\MessageDetail.cpp">
      <Filter>detail</Filter>
    </ClCompile>
    <ClCompile Include="..\..\knet\Message.cpp" />
  </ItemGroup>
  <ItemGroup>
    <Filter Include="detail">
      <UniqueIdentifier>{96f2d551-53ab-4adf-8ab7-9eecc5e01eb9}</UniqueIdentifier>
    </Filter>
    <Filter Include="detail\kafka">
      <UniqueIdentifier>{ee0d1f8f-eee4-4529-8b8e-f3bbb2a6f09b}</UniqueIdentifier>
    </Filter>
    <Filter Include="test">
      <UniqueIdentifier>{ea658ed2-d467-431d-8ffe-7b08029a3955}</UniqueIdentifier>
    </Filter>
  </ItemGroup>
  <ItemGroup>
    <ClInclude Include="..\..\knet\knet.h" />
    <ClInclude Include="..\..\knet\UniformNetwork.h" />
    <ClInclude Include="..\..\knet\KNetTypes.h" />
    <ClInclude Include="..\..\knet\CallbackManager.h" />
    <ClInclude Include="..\..\knet\RPCManager.h" />
    <ClInclude Include="..\..\knet\TimerManager.h" />
    <ClInclude Include="..\..\knet\EventManager.h" />
    <ClInclude Include="..\..\knet\detail\AsyncReceivedMsgCB.h">
      <Filter>detail</Filter>
    </ClInclude>
    <ClInclude Include="..\..\knet\FakeLog.h" />
    <ClInclude Include="..\..\knet\detail\kafka\Callback.h">
      <Filter>detail\kafka</Filter>
    </ClInclude>
    <ClInclude Include="..\..\knet\detail\kafka\Consumer.h">
      <Filter>detail\kafka</Filter>
    </ClInclude>
    <ClInclude Include="..\..\knet\detail\kafka\KafkaTypes.h">
      <Filter>detail\kafka</Filter>
    </ClInclude>
    <ClInclude Include="..\..\knet\detail\kafka\Producer.h">
      <Filter>detail\kafka</Filter>
    </ClInclude>
    <ClInclude Include="..\..\knet\detail\FixedString.h">
      <Filter>detail</Filter>
    </ClInclude>
    <ClInclude Include="..\..\knet\detail\MessageDetail.h">
      <Filter>detail</Filter>
    </ClInclude>
    <ClInclude Include="..\..\knet\Message.h" />
  </ItemGroup>
</Project>