<?xml version="1.0" encoding="utf-8"?>
<Project ToolsVersion="4.0" xmlns="http://schemas.microsoft.com/developer/msbuild/2003">
  <ItemGroup>
    <ClCompile Include="..\..\knet\main.cpp" />
    <ClCompile Include="..\..\knet\kafka\Callback.cpp">
      <Filter>kafka</Filter>
    </ClCompile>
    <ClCompile Include="..\..\knet\kafka\Consumer.cpp">
      <Filter>kafka</Filter>
    </ClCompile>
    <ClCompile Include="..\..\knet\UniformNetwork.cpp" />
    <ClCompile Include="..\..\knet\CallbackManager.cpp" />
    <ClCompile Include="..\..\knet\kafka\Producer.cpp">
      <Filter>kafka</Filter>
    </ClCompile>
    <ClCompile Include="..\..\knet\RPCManager.cpp" />
    <ClCompile Include="..\..\knet\TimerManager.cpp" />
    <ClCompile Include="..\..\knet\Message.cpp" />
    <ClCompile Include="..\..\knet\EventManager.cpp" />
    <ClCompile Include="..\..\knet\detail\AsyncReceivedMsgCB.cpp">
      <Filter>detail</Filter>
    </ClCompile>
    <ClCompile Include="..\..\knet\FakeLog.cpp" />
  </ItemGroup>
  <ItemGroup>
    <Filter Include="kafka">
      <UniqueIdentifier>{c162fa32-734e-44d8-b7fc-213fb20bb394}</UniqueIdentifier>
    </Filter>
    <Filter Include="detail">
      <UniqueIdentifier>{96f2d551-53ab-4adf-8ab7-9eecc5e01eb9}</UniqueIdentifier>
    </Filter>
  </ItemGroup>
  <ItemGroup>
    <ClInclude Include="..\..\knet\kafka\Callback.h">
      <Filter>kafka</Filter>
    </ClInclude>
    <ClInclude Include="..\..\knet\kafka\Consumer.h">
      <Filter>kafka</Filter>
    </ClInclude>
    <ClInclude Include="..\..\knet\kafka\KafkaTypes.h">
      <Filter>kafka</Filter>
    </ClInclude>
    <ClInclude Include="..\..\knet\knet.h" />
    <ClInclude Include="..\..\knet\UniformNetwork.h" />
    <ClInclude Include="..\..\knet\KNetTypes.h" />
    <ClInclude Include="..\..\knet\CallbackManager.h" />
    <ClInclude Include="..\..\knet\kafka\Producer.h">
      <Filter>kafka</Filter>
    </ClInclude>
    <ClInclude Include="..\..\knet\RPCManager.h" />
    <ClInclude Include="..\..\knet\TimerManager.h" />
    <ClInclude Include="..\..\knet\Message.h" />
    <ClInclude Include="..\..\knet\EventManager.h" />
    <ClInclude Include="..\..\knet\detail\AsyncReceivedMsgCB.h">
      <Filter>detail</Filter>
    </ClInclude>
    <ClInclude Include="..\..\knet\FakeLog.h" />
  </ItemGroup>
</Project>