<?xml version="1.0" encoding="utf-8"?>
<Project ToolsVersion="4.0" xmlns="http://schemas.microsoft.com/developer/msbuild/2003">
  <ItemGroup>
    <Filter Include="nel">
      <UniqueIdentifier>{d4e59f9a-11fe-4ee7-a385-fa90709c390f}</UniqueIdentifier>
    </Filter>
    <Filter Include="nel\test">
      <UniqueIdentifier>{257ad5b4-f8ef-4209-98df-5bd3738fe542}</UniqueIdentifier>
    </Filter>
  </ItemGroup>
  <ItemGroup>
    <ClCompile Include="..\..\nel\CallbackManager.cpp">
      <Filter>nel</Filter>
    </ClCompile>
    <ClCompile Include="..\..\nel\Log.cpp">
      <Filter>nel</Filter>
    </ClCompile>
    <ClCompile Include="..\..\nel\NamingClient.cpp">
      <Filter>nel</Filter>
    </ClCompile>
    <ClCompile Include="..\..\nel\NetClient.cpp">
      <Filter>nel</Filter>
    </ClCompile>
    <ClCompile Include="..\..\nel\NetServer.cpp">
      <Filter>nel</Filter>
    </ClCompile>
    <ClCompile Include="..\..\nel\Service.cpp">
      <Filter>nel</Filter>
    </ClCompile>
    <ClCompile Include="..\..\nel\ServiceDefine.cpp">
      <Filter>nel</Filter>
    </ClCompile>
    <ClCompile Include="..\..\nel\Tools.cpp">
      <Filter>nel</Filter>
    </ClCompile>
    <ClCompile Include="..\..\nel\TSock.cpp">
      <Filter>nel</Filter>
    </ClCompile>
    <ClCompile Include="..\..\nel\UnifiedConnection.cpp">
      <Filter>nel</Filter>
    </ClCompile>
    <ClCompile Include="..\..\nel\UnifiedNetwork.cpp">
      <Filter>nel</Filter>
    </ClCompile>
    <ClCompile Include="..\..\nel\test\DataBaseService.cpp">
      <Filter>nel\test</Filter>
    </ClCompile>
    <ClCompile Include="..\..\nel\test\DBSCallbackManager.cpp">
      <Filter>nel\test</Filter>
    </ClCompile>
    <ClCompile Include="..\..\nel\test\GameService.cpp">
      <Filter>nel\test</Filter>
    </ClCompile>
    <ClCompile Include="..\..\nel\test\GSCallbackManager.cpp">
      <Filter>nel\test</Filter>
    </ClCompile>
    <ClCompile Include="..\..\nel\test\main.cpp">
      <Filter>nel\test</Filter>
    </ClCompile>
    <ClCompile Include="..\..\nel\test\msg.pb.cc">
      <Filter>nel\test</Filter>
    </ClCompile>
    <ClCompile Include="..\..\nel\test\NamingService.cpp">
      <Filter>nel\test</Filter>
    </ClCompile>
    <ClCompile Include="..\..\nel\test\TestClient.cpp">
      <Filter>nel\test</Filter>
    </ClCompile>
    <ClCompile Include="..\..\nel\test\TestDefine.cpp">
      <Filter>nel\test</Filter>
    </ClCompile>
    <ClCompile Include="..\..\nel\test\X.cpp">
      <Filter>nel\test</Filter>
    </ClCompile>
    <ClCompile Include="..\..\nel\CMessage.cpp">
      <Filter>nel</Filter>
    </ClCompile>
    <ClCompile Include="..\..\nel\TEndpoint.cpp">
      <Filter>nel</Filter>
    </ClCompile>
    <ClCompile Include="..\..\nel\ByteBuf.cpp">
      <Filter>nel</Filter>
    </ClCompile>
    <ClCompile Include="..\..\nel\test\TestByteBuf.cpp">
      <Filter>nel\test</Filter>
    </ClCompile>
    <ClCompile Include="..\..\nel\Detail.cpp">
      <Filter>nel</Filter>
    </ClCompile>
  </ItemGroup>
  <ItemGroup>
    <ClInclude Include="..\..\nel\CallbackManager.h">
      <Filter>nel</Filter>
    </ClInclude>
    <ClInclude Include="..\..\nel\Log.h">
      <Filter>nel</Filter>
    </ClInclude>
    <ClInclude Include="..\..\nel\NamingClient.h">
      <Filter>nel</Filter>
    </ClInclude>
    <ClInclude Include="..\..\nel\NetClient.h">
      <Filter>nel</Filter>
    </ClInclude>
    <ClInclude Include="..\..\nel\NetServer.h">
      <Filter>nel</Filter>
    </ClInclude>
    <ClInclude Include="..\..\nel\Service.h">
      <Filter>nel</Filter>
    </ClInclude>
    <ClInclude Include="..\..\nel\ServiceDefine.h">
      <Filter>nel</Filter>
    </ClInclude>
    <ClInclude Include="..\..\nel\Tools.h">
      <Filter>nel</Filter>
    </ClInclude>
    <ClInclude Include="..\..\nel\TSock.h">
      <Filter>nel</Filter>
    </ClInclude>
    <ClInclude Include="..\..\nel\Types.h">
      <Filter>nel</Filter>
    </ClInclude>
    <ClInclude Include="..\..\nel\UnifiedConnection.h">
      <Filter>nel</Filter>
    </ClInclude>
    <ClInclude Include="..\..\nel\UnifiedNetwork.h">
      <Filter>nel</Filter>
    </ClInclude>
    <ClInclude Include="..\..\nel\test\DataBaseService.h">
      <Filter>nel\test</Filter>
    </ClInclude>
    <ClInclude Include="..\..\nel\test\DBSCallbackManager.h">
      <Filter>nel\test</Filter>
    </ClInclude>
    <ClInclude Include="..\..\nel\test\GameService.h">
      <Filter>nel\test</Filter>
    </ClInclude>
    <ClInclude Include="..\..\nel\test\GSCallbackManager.h">
      <Filter>nel\test</Filter>
    </ClInclude>
    <ClInclude Include="..\..\nel\test\msg.pb.h">
      <Filter>nel\test</Filter>
    </ClInclude>
    <ClInclude Include="..\..\nel\test\NamingService.h">
      <Filter>nel\test</Filter>
    </ClInclude>
    <ClInclude Include="..\..\nel\test\TestDefine.h">
      <Filter>nel\test</Filter>
    </ClInclude>
    <ClInclude Include="..\..\nel\test\X.h">
      <Filter>nel\test</Filter>
    </ClInclude>
    <ClInclude Include="..\..\nel\CMessage.h">
      <Filter>nel</Filter>
    </ClInclude>
    <ClInclude Include="..\..\nel\Address.h">
      <Filter>nel</Filter>
    </ClInclude>
    <ClInclude Include="..\..\nel\NL_Assert.h">
      <Filter>nel</Filter>
    </ClInclude>
    <ClInclude Include="..\..\nel\TEndpoint.h">
      <Filter>nel</Filter>
    </ClInclude>
    <ClInclude Include="..\..\nel\Nlnet.h">
      <Filter>nel</Filter>
    </ClInclude>
    <ClInclude Include="..\..\nel\ByteBuf.h">
      <Filter>nel</Filter>
    </ClInclude>
    <ClInclude Include="..\..\nel\Detail.h">
      <Filter>nel</Filter>
    </ClInclude>
  </ItemGroup>
  <ItemGroup>
    <None Include="..\..\nel\test\Makefile">
      <Filter>nel\test</Filter>
    </None>
    <None Include="..\..\nel\test\msg.proto">
      <Filter>nel\test</Filter>
    </None>
  </ItemGroup>
</Project>